
Microsoft Visual Studio Solution File, Format Version 12.00
# Visual Studio Version 17
VisualStudioVersion = 17.6.33723.286
MinimumVisualStudioVersion = 10.0.40219.1
Project("{FAE04EC0-301F-11D3-BF4B-00C04F79EFBC}") = "secretapp", "secretapp\secretapp.csproj", "{7BD74DE3-C463-45FE-A826-86BC33B242E9}"
EndProject
Global
	GlobalSection(SolutionConfigurationPlatforms) = preSolution
		Debug|Any CPU = Debug|Any CPU
		Release|Any CPU = Release|Any CPU
	EndGlobalSection
	GlobalSection(ProjectConfigurationPlatforms) = postSolution
		{7BD74DE3-C463-45FE-A826-86BC33B242E9}.Debug|Any CPU.ActiveCfg = Debug|Any CPU
		{7BD74DE3-C463-45FE-A826-86BC33B242E9}.Debug|Any CPU.Build.0 = Debug|Any CPU
		{7BD74DE3-C463-45FE-A826-86BC33B242E9}.Release|Any CPU.ActiveCfg = Release|Any CPU
		{7BD74DE3-C463-45FE-A826-86BC33B242E9}.Release|Any CPU.Build.0 = Release|Any CPU
	EndGlobalSection
	GlobalSection(SolutionProperties) = preSolution
		HideSolutionNode = FALSE
	EndGlobalSection
	GlobalSection(ExtensibilityGlobals) = postSolution
		SolutionGuid = {8AA84E02-9A89-477A-95C0-B7936C4A43B4}
	EndGlobalSection
EndGlobal
